
Microsoft Visual Studio Solution File, Format Version 12.00
# Visual Studio Version 16
VisualStudioVersion = 16.0.31515.178
MinimumVisualStudioVersion = 10.0.40219.1
Project("{FAE04EC0-301F-11D3-BF4B-00C04F79EFBC}") = "HashTest.Test", "HashTest.Test\HashTest.Test.csproj", "{E6A84AFB-BCD6-4EA3-926D-4B5F9B2551C6}"
EndProject
Project("{FAE04EC0-301F-11D3-BF4B-00C04F79EFBC}") = "HashTest.App", "HashTest.App\HashTest.App.csproj", "{7788DB17-9653-4AAA-AC87-9EFEE4DEEC2D}"
EndProject
Global
	GlobalSection(SolutionConfigurationPlatforms) = preSolution
		Debug|Any CPU = Debug|Any CPU
		Release|Any CPU = Release|Any CPU
	EndGlobalSection
	GlobalSection(ProjectConfigurationPlatforms) = postSolution
		{E6A84AFB-BCD6-4EA3-926D-4B5F9B2551C6}.Debug|Any CPU.ActiveCfg = Debug|Any CPU
		{E6A84AFB-BCD6-4EA3-926D-4B5F9B2551C6}.Debug|Any CPU.Build.0 = Debug|Any CPU
		{E6A84AFB-BCD6-4EA3-926D-4B5F9B2551C6}.Release|Any CPU.ActiveCfg = Release|Any CPU
		{E6A84AFB-BCD6-4EA3-926D-4B5F9B2551C6}.Release|Any CPU.Build.0 = Release|Any CPU
		{7788DB17-9653-4AAA-AC87-9EFEE4DEEC2D}.Debug|Any CPU.ActiveCfg = Debug|Any CPU
		{7788DB17-9653-4AAA-AC87-9EFEE4DEEC2D}.Debug|Any CPU.Build.0 = Debug|Any CPU
		{7788DB17-9653-4AAA-AC87-9EFEE4DEEC2D}.Release|Any CPU.ActiveCfg = Release|Any CPU
		{7788DB17-9653-4AAA-AC87-9EFEE4DEEC2D}.Release|Any CPU.Build.0 = Release|Any CPU
	EndGlobalSection
	GlobalSection(SolutionProperties) = preSolution
		HideSolutionNode = FALSE
	EndGlobalSection
	GlobalSection(ExtensibilityGlobals) = postSolution
		SolutionGuid = {D7DB1019-74F7-4449-9EE7-BB343FD4C7F2}
	EndGlobalSection
EndGlobal
