
Microsoft Visual Studio Solution File, Format Version 12.00
# Visual Studio Version 16
VisualStudioVersion = 16.0.31515.178
MinimumVisualStudioVersion = 10.0.40219.1
Project("{9A19103F-16F7-4668-BE54-9A1E7A4F7556}") = "HashAspMoq.Web", "HashAspMoq.Web\HashAspMoq.Web.csproj", "{693DB9AD-D29B-4432-9136-778232EBDF16}"
EndProject
Project("{9A19103F-16F7-4668-BE54-9A1E7A4F7556}") = "HashAspMoq.Test", "HashAspMoq.Test\HashAspMoq.Test.csproj", "{BA33DF2C-B831-4599-A85D-AFA84D54F813}"
EndProject
Project("{9A19103F-16F7-4668-BE54-9A1E7A4F7556}") = "HashAspMoq.Core", "HashAspMoq.Core\HashAspMoq.Core.csproj", "{0965A21C-FC89-41F8-810B-16607D229532}"
EndProject
Project("{9A19103F-16F7-4668-BE54-9A1E7A4F7556}") = "HashAspMoq.Data", "HashAspMoq.Data\HashAspMoq.Data.csproj", "{DFC90BB5-4ED0-40F8-A6CF-BA097808415E}"
EndProject
Project("{9A19103F-16F7-4668-BE54-9A1E7A4F7556}") = "HashAspMoq.Bussiness", "HashAspMoq.Bussiness\HashAspMoq.Bussiness.csproj", "{5752B80F-15A2-48BD-BDA9-B68696BC47F5}"
EndProject
Project("{9A19103F-16F7-4668-BE54-9A1E7A4F7556}") = "HashAspMoq.Dtos", "HashAspMoq.Dtos\HashAspMoq.Dtos.csproj", "{5C90123A-C3A8-4DCE-A32D-363570767209}"
EndProject
Global
	GlobalSection(SolutionConfigurationPlatforms) = preSolution
		Debug|Any CPU = Debug|Any CPU
		Release|Any CPU = Release|Any CPU
	EndGlobalSection
	GlobalSection(ProjectConfigurationPlatforms) = postSolution
		{693DB9AD-D29B-4432-9136-778232EBDF16}.Debug|Any CPU.ActiveCfg = Debug|Any CPU
		{693DB9AD-D29B-4432-9136-778232EBDF16}.Debug|Any CPU.Build.0 = Debug|Any CPU
		{693DB9AD-D29B-4432-9136-778232EBDF16}.Release|Any CPU.ActiveCfg = Release|Any CPU
		{693DB9AD-D29B-4432-9136-778232EBDF16}.Release|Any CPU.Build.0 = Release|Any CPU
		{BA33DF2C-B831-4599-A85D-AFA84D54F813}.Debug|Any CPU.ActiveCfg = Debug|Any CPU
		{BA33DF2C-B831-4599-A85D-AFA84D54F813}.Debug|Any CPU.Build.0 = Debug|Any CPU
		{BA33DF2C-B831-4599-A85D-AFA84D54F813}.Release|Any CPU.ActiveCfg = Release|Any CPU
		{BA33DF2C-B831-4599-A85D-AFA84D54F813}.Release|Any CPU.Build.0 = Release|Any CPU
		{0965A21C-FC89-41F8-810B-16607D229532}.Debug|Any CPU.ActiveCfg = Debug|Any CPU
		{0965A21C-FC89-41F8-810B-16607D229532}.Debug|Any CPU.Build.0 = Debug|Any CPU
		{0965A21C-FC89-41F8-810B-16607D229532}.Release|Any CPU.ActiveCfg = Release|Any CPU
		{0965A21C-FC89-41F8-810B-16607D229532}.Release|Any CPU.Build.0 = Release|Any CPU
		{DFC90BB5-4ED0-40F8-A6CF-BA097808415E}.Debug|Any CPU.ActiveCfg = Debug|Any CPU
		{DFC90BB5-4ED0-40F8-A6CF-BA097808415E}.Debug|Any CPU.Build.0 = Debug|Any CPU
		{DFC90BB5-4ED0-40F8-A6CF-BA097808415E}.Release|Any CPU.ActiveCfg = Release|Any CPU
		{DFC90BB5-4ED0-40F8-A6CF-BA097808415E}.Release|Any CPU.Build.0 = Release|Any CPU
		{5752B80F-15A2-48BD-BDA9-B68696BC47F5}.Debug|Any CPU.ActiveCfg = Debug|Any CPU
		{5752B80F-15A2-48BD-BDA9-B68696BC47F5}.Debug|Any CPU.Build.0 = Debug|Any CPU
		{5752B80F-15A2-48BD-BDA9-B68696BC47F5}.Release|Any CPU.ActiveCfg = Release|Any CPU
		{5752B80F-15A2-48BD-BDA9-B68696BC47F5}.Release|Any CPU.Build.0 = Release|Any CPU
		{5C90123A-C3A8-4DCE-A32D-363570767209}.Debug|Any CPU.ActiveCfg = Debug|Any CPU
		{5C90123A-C3A8-4DCE-A32D-363570767209}.Debug|Any CPU.Build.0 = Debug|Any CPU
		{5C90123A-C3A8-4DCE-A32D-363570767209}.Release|Any CPU.ActiveCfg = Release|Any CPU
		{5C90123A-C3A8-4DCE-A32D-363570767209}.Release|Any CPU.Build.0 = Release|Any CPU
	EndGlobalSection
	GlobalSection(SolutionProperties) = preSolution
		HideSolutionNode = FALSE
	EndGlobalSection
	GlobalSection(ExtensibilityGlobals) = postSolution
		SolutionGuid = {9ABF90A7-EC46-4E18-93BF-0BEE8BC8CCD7}
	EndGlobalSection
EndGlobal
